{
    "_readme": [
        "This file locks the dependencies of your project to a known state",
        "Read more about it at https://getcomposer.org/doc/01-basic-usage.md#installing-dependencies",
        "This file is @generated automatically"
    ],
    "content-hash": "bea94cb3d78af12b5ef7b0a35e83cf5a",
    "packages": [
        {
            "name": "ahmetbarut/php-router",
            "version": "v1.0.1",
            "source": {
                "type": "git",
                "url": "https://github.com/ahmetbarut/php-router.git",
                "reference": "f255c50842e18af89f8df15bf03ee8001a278eea"
            },
            "dist": {
                "type": "zip",
                "url": "https://api.github.com/repos/ahmetbarut/php-router/zipball/f255c50842e18af89f8df15bf03ee8001a278eea",
                "reference": "f255c50842e18af89f8df15bf03ee8001a278eea",
                "shasum": ""
            },
            "require-dev": {
                "symfony/http-foundation": "6.0.x-dev",
                "symfony/var-dumper": "*"
            },
            "type": "library",
            "autoload": {
                "psr-4": {
                    "ahmetbarut\\PhpRouter\\": "src/"
                },
                "files": [
                    "src/Helper/helpers.php"
                ]
            },
            "notification-url": "https://packagist.org/downloads/",
            "license": [
                "MIT"
            ],
            "authors": [
                {
                    "name": "Ahmet Barut",
                    "email": "ahmetbarut588@gmail.com"
                }
            ],
            "description": "Php simple use router",
            "support": {
                "issues": "https://github.com/ahmetbarut/php-router/issues",
                "source": "https://github.com/ahmetbarut/php-router/tree/v1.0.1"
            },
            "time": "2021-09-13T12:29:54+00:00"
        },
        {
            "name": "ahmetbarut/translation",
            "version": "dev-master",
            "source": {
                "type": "git",
                "url": "https://github.com/ahmetbarut/php-translation.git",
                "reference": "b9684e0c6d7ba32a3e31b31d7e7aac6f22e99738"
            },
            "dist": {
                "type": "zip",
                "url": "https://api.github.com/repos/ahmetbarut/php-translation/zipball/b9684e0c6d7ba32a3e31b31d7e7aac6f22e99738",
                "reference": "b9684e0c6d7ba32a3e31b31d7e7aac6f22e99738",
                "shasum": ""
            },
            "require-dev": {
                "symfony/var-dumper": "*"
            },
            "default-branch": true,
            "type": "project",
            "autoload": {
                "psr-4": {
                    "ahmetbarut\\Translation\\": "src/"
                },
                "files": [
                    "./src/Helper/helper.php"
                ]
            },
            "notification-url": "https://packagist.org/downloads/",
            "license": [
                "MIT"
            ],
            "authors": [
                {
                    "name": "Ahmet Barut",
                    "email": "ahmetbarut588@gmail.com"
                }
            ],
            "description": "Çoklu dil kullanan web sitesinde birden fazla dil ve kullanım kolaylığı sunuyor.",
            "support": {
                "issues": "https://github.com/ahmetbarut/php-translation/issues",
                "source": "https://github.com/ahmetbarut/php-translation/tree/master"
            },
            "time": "2021-09-07T22:41:45+00:00"
        },
        {
            "name": "psr/container",
            "version": "dev-master",
            "source": {
                "type": "git",
                "url": "https://github.com/php-fig/container.git",
                "reference": "2ae37329ee82f91efadc282cc2d527fd6065a5ef"
            },
            "dist": {
                "type": "zip",
                "url": "https://api.github.com/repos/php-fig/container/zipball/2ae37329ee82f91efadc282cc2d527fd6065a5ef",
                "reference": "2ae37329ee82f91efadc282cc2d527fd6065a5ef",
                "shasum": ""
            },
            "require": {
                "php": ">=7.2.0"
            },
            "default-branch": true,
            "type": "library",
            "extra": {
                "branch-alias": {
                    "dev-master": "2.0.x-dev"
                }
            },
            "autoload": {
                "psr-4": {
                    "Psr\\Container\\": "src/"
                }
            },
            "notification-url": "https://packagist.org/downloads/",
            "license": [
                "MIT"
            ],
            "authors": [
                {
                    "name": "PHP-FIG",
                    "homepage": "https://www.php-fig.org/"
                }
            ],
            "description": "Common Container Interface (PHP FIG PSR-11)",
            "homepage": "https://github.com/php-fig/container",
            "keywords": [
                "PSR-11",
                "container",
                "container-interface",
                "container-interop",
                "psr"
            ],
            "support": {
                "issues": "https://github.com/php-fig/container/issues",
                "source": "https://github.com/php-fig/container/tree/2.0.1"
            },
            "time": "2021-03-24T13:40:57+00:00"
        }
    ],
    "packages-dev": [
        {
            "name": "symfony/polyfill-mbstring",
            "version": "dev-main",
            "source": {
                "type": "git",
                "url": "https://github.com/symfony/polyfill-mbstring.git",
                "reference": "9174a3d80210dca8daa7f31fec659150bbeabfc6"
            },
            "dist": {
                "type": "zip",
                "url": "https://api.github.com/repos/symfony/polyfill-mbstring/zipball/9174a3d80210dca8daa7f31fec659150bbeabfc6",
                "reference": "9174a3d80210dca8daa7f31fec659150bbeabfc6",
                "shasum": ""
            },
            "require": {
                "php": ">=7.1"
            },
            "suggest": {
                "ext-mbstring": "For best performance"
            },
            "default-branch": true,
            "type": "library",
            "extra": {
                "branch-alias": {
                    "dev-main": "1.23-dev"
                },
                "thanks": {
                    "name": "symfony/polyfill",
                    "url": "https://github.com/symfony/polyfill"
                }
            },
            "autoload": {
                "psr-4": {
                    "Symfony\\Polyfill\\Mbstring\\": ""
                },
                "files": [
                    "bootstrap.php"
                ]
            },
            "notification-url": "https://packagist.org/downloads/",
            "license": [
                "MIT"
            ],
            "authors": [
                {
                    "name": "Nicolas Grekas",
                    "email": "p@tchwork.com"
                },
                {
                    "name": "Symfony Community",
                    "homepage": "https://symfony.com/contributors"
                }
            ],
            "description": "Symfony polyfill for the Mbstring extension",
            "homepage": "https://symfony.com",
            "keywords": [
                "compatibility",
                "mbstring",
                "polyfill",
                "portable",
                "shim"
            ],
            "support": {
                "source": "https://github.com/symfony/polyfill-mbstring/tree/v1.23.1"
            },
            "funding": [
                {
                    "url": "https://symfony.com/sponsor",
                    "type": "custom"
                },
                {
                    "url": "https://github.com/fabpot",
                    "type": "github"
                },
                {
                    "url": "https://tidelift.com/funding/github/packagist/symfony/symfony",
                    "type": "tidelift"
                }
            ],
            "time": "2021-05-27T12:26:48+00:00"
        },
        {
            "name": "symfony/var-dumper",
            "version": "6.0.x-dev",
            "source": {
                "type": "git",
                "url": "https://github.com/symfony/var-dumper.git",
                "reference": "8eea4e86e7c050924f406e740d8e04eb2eb69b9d"
            },
            "dist": {
                "type": "zip",
                "url": "https://api.github.com/repos/symfony/var-dumper/zipball/8eea4e86e7c050924f406e740d8e04eb2eb69b9d",
                "reference": "8eea4e86e7c050924f406e740d8e04eb2eb69b9d",
                "shasum": ""
            },
            "require": {
                "php": ">=8.0.2",
                "symfony/polyfill-mbstring": "~1.0"
            },
            "conflict": {
                "phpunit/phpunit": "<5.4.3",
                "symfony/console": "<5.4"
            },
            "require-dev": {
                "ext-iconv": "*",
                "symfony/console": "^5.4|^6.0",
                "symfony/process": "^5.4|^6.0",
                "symfony/uid": "^5.4|^6.0",
                "twig/twig": "^2.13|^3.0.4"
            },
            "suggest": {
                "ext-iconv": "To convert non-UTF-8 strings to UTF-8 (or symfony/polyfill-iconv in case ext-iconv cannot be used).",
                "ext-intl": "To show region name in time zone dump",
                "symfony/console": "To use the ServerDumpCommand and/or the bin/var-dump-server script"
            },
            "bin": [
                "Resources/bin/var-dump-server"
            ],
            "type": "library",
            "autoload": {
                "files": [
                    "Resources/functions/dump.php"
                ],
                "psr-4": {
                    "Symfony\\Component\\VarDumper\\": ""
                },
                "exclude-from-classmap": [
                    "/Tests/"
                ]
            },
            "notification-url": "https://packagist.org/downloads/",
            "license": [
                "MIT"
            ],
            "authors": [
                {
                    "name": "Nicolas Grekas",
                    "email": "p@tchwork.com"
                },
                {
                    "name": "Symfony Community",
                    "homepage": "https://symfony.com/contributors"
                }
            ],
            "description": "Provides mechanisms for walking through any arbitrary PHP variable",
            "homepage": "https://symfony.com",
            "keywords": [
                "debug",
                "dump"
            ],
            "support": {
                "source": "https://github.com/symfony/var-dumper/tree/6.0"
            },
            "funding": [
                {
                    "url": "https://symfony.com/sponsor",
                    "type": "custom"
                },
                {
                    "url": "https://github.com/fabpot",
                    "type": "github"
                },
                {
                    "url": "https://tidelift.com/funding/github/packagist/symfony/symfony",
                    "type": "tidelift"
                }
            ],
            "time": "2021-09-08T12:30:29+00:00"
        }
    ],
    "aliases": [],
    "minimum-stability": "dev",
    "stability-flags": {
        "psr/container": 20,
        "ahmetbarut/translation": 20,
        "symfony/var-dumper": 20
    },
    "prefer-stable": false,
    "prefer-lowest": false,
    "platform": [],
    "platform-dev": [],
    "plugin-api-version": "2.1.0"
}
